# This file was autogenerated by Stack.
# You should not edit this file by hand.
# For more information, please see the documentation at:
#   https://docs.haskellstack.org/en/stable/lock_files

packages:
- completed:
    hackage: haskeline-0.8.0.0@sha256:0630452b759a5b40e0e3e7ca2ef4b0d55d5161d95e8d7b0dd3cf55888971437f,5440
    pantry-tree:
      size: 3013
      sha256: 235d9b78cb87e21651fd36421c30ff4e0638e463fac7ec8b70887db06c3ff88f
  original:
    hackage: haskeline-0.8.0.0
- completed:
    hackage: llvm-hs-9.0.0@sha256:b036b8d3a78607310382f82b7c5303ffc31afb9735875bb64521501144cc5728,8700
    pantry-tree:
      size: 13599
      sha256: d572dd639dd315c94eccdfd9b10a3c266163cf945778141087a003c1ed836a91
  original:
    hackage: llvm-hs-9.0.0
- completed:
    hackage: extra-1.6.20@sha256:8a39421181e3cb952038f0c4acee9f3b5a14743f80e90507adeb693ff529d3c4,2717
    pantry-tree:
      size: 1828
      sha256: 62ccee49227f669f3abc895c446cc71c6a62a9c46a05f172523f0b1dbe971633
  original:
    hackage: extra-1.6.20
- completed:
    hackage: tasty-1.2.3@sha256:bba67074e5326d57e8f53fc1dabcb6841daa4dc51b053506eb7f40a6f49a0497,2517
    pantry-tree:
      size: 1725
      sha256: 2f1bd0e1e1e105bdc8ee9eb53b55a6db54c67d0dce86ba08b61dbaf8988c5d58
  original:
    hackage: tasty-1.2.3
- completed:
    hackage: tasty-hspec-1.1.5.1@sha256:531ba79ad1aa8d8c12ca1ae27b6e8125d1d768d98ca5487fe6348b2c34e4f7fa,2003
    pantry-tree:
      size: 531
      sha256: b7de6d6cb063baf9e553650a1df302bda7d5d99b93549cdc64e322347f56f1b7
  original:
    hackage: tasty-hspec-1.1.5.1
- completed:
    hackage: alloy-1.2.2@sha256:372776d0e7236e49dfd605ca6ae17f5963d6c8b396b61700410c93763bb7af9d,2253
    pantry-tree:
      size: 1396
      sha256: a28bf2ad67ec27ab69d3629bf4caa73108e9833360218e20a7b83ea1782365b1
  original:
    hackage: alloy-1.2.2
snapshots:
- completed:
    size: 489011
    url: https://raw.githubusercontent.com/commercialhaskell/stackage-snapshots/master/lts/15/1.yaml
    sha256: d4ecc42b7125d68e4c3c036a08046ad0cd02ae0d9efbe3af2223a00ff8cc16f3
  original: lts-15.1
